
Microsoft Visual Studio Solution File, Format Version 12.00
# Visual Studio Version 17
VisualStudioVersion = 17.6.33815.320
MinimumVisualStudioVersion = 10.0.40219.1
Project("{FAE04EC0-301F-11D3-BF4B-00C04F79EFBC}") = "demoGit_08", "demoGit_08.csproj", "{7B2A2341-C503-4276-B0B1-5AAD5A04C506}"
EndProject
Global
	GlobalSection(SolutionConfigurationPlatforms) = preSolution
		Debug|Any CPU = Debug|Any CPU
		Release|Any CPU = Release|Any CPU
	EndGlobalSection
	GlobalSection(ProjectConfigurationPlatforms) = postSolution
		{7B2A2341-C503-4276-B0B1-5AAD5A04C506}.Debug|Any CPU.ActiveCfg = Debug|Any CPU
		{7B2A2341-C503-4276-B0B1-5AAD5A04C506}.Debug|Any CPU.Build.0 = Debug|Any CPU
		{7B2A2341-C503-4276-B0B1-5AAD5A04C506}.Release|Any CPU.ActiveCfg = Release|Any CPU
		{7B2A2341-C503-4276-B0B1-5AAD5A04C506}.Release|Any CPU.Build.0 = Release|Any CPU
	EndGlobalSection
	GlobalSection(SolutionProperties) = preSolution
		HideSolutionNode = FALSE
	EndGlobalSection
	GlobalSection(ExtensibilityGlobals) = postSolution
		SolutionGuid = {61BD699F-CE55-4FF7-8A5C-8FF40BC2632F}
	EndGlobalSection
EndGlobal
